
Microsoft Visual Studio Solution File, Format Version 12.00
# Visual Studio Version 17
VisualStudioVersion = 17.0.32014.148
MinimumVisualStudioVersion = 10.0.40219.1
Project("{F2A71F9B-5D33-465A-A702-920D77279786}") = "AdventOfCode", "AdventOfCode\AdventOfCode.fsproj", "{0482EF36-1CB6-4895-B452-BA9E5660ACE0}"
EndProject
Project("{2150E333-8FDC-42A3-9474-1A3956D46DE8}") = "Solution Items", "Solution Items", "{7AF5BC61-866E-4A10-A24F-AEF8EE21514A}"
EndProject
Global
	GlobalSection(SolutionConfigurationPlatforms) = preSolution
		Debug|Any CPU = Debug|Any CPU
		Release|Any CPU = Release|Any CPU
	EndGlobalSection
	GlobalSection(ProjectConfigurationPlatforms) = postSolution
		{0482EF36-1CB6-4895-B452-BA9E5660ACE0}.Debug|Any CPU.ActiveCfg = Debug|Any CPU
		{0482EF36-1CB6-4895-B452-BA9E5660ACE0}.Debug|Any CPU.Build.0 = Debug|Any CPU
		{0482EF36-1CB6-4895-B452-BA9E5660ACE0}.Release|Any CPU.ActiveCfg = Release|Any CPU
		{0482EF36-1CB6-4895-B452-BA9E5660ACE0}.Release|Any CPU.Build.0 = Release|Any CPU
	EndGlobalSection
	GlobalSection(SolutionProperties) = preSolution
		HideSolutionNode = FALSE
	EndGlobalSection
	GlobalSection(ExtensibilityGlobals) = postSolution
		SolutionGuid = {5DE388C9-269C-45F2-A8D7-C05B8658169C}
	EndGlobalSection
EndGlobal
